lockfileVersion: '9.0'

settings:
  autoInstallPeers: false
  excludeLinksFromLockfile: false

overrides:
  esbuild>@esbuild/darwin-arm64: '-'
  esbuild>@esbuild/darwin-x64: '-'
  esbuild>@esbuild/freebsd-arm64: '-'
  esbuild>@esbuild/freebsd-x64: '-'
  esbuild>@esbuild/linux-arm: '-'
  esbuild>@esbuild/linux-arm64: '-'
  esbuild>@esbuild/linux-ia32: '-'
  esbuild>@esbuild/linux-loong64: '-'
  esbuild>@esbuild/linux-mips64el: '-'
  esbuild>@esbuild/linux-ppc64: '-'
  esbuild>@esbuild/linux-riscv64: '-'
  esbuild>@esbuild/linux-s390x: '-'
  esbuild>@esbuild/netbsd-arm64: '-'
  esbuild>@esbuild/netbsd-x64: '-'
  esbuild>@esbuild/openbsd-arm64: '-'
  esbuild>@esbuild/openbsd-x64: '-'
  esbuild>@esbuild/sunos-x64: '-'
  esbuild>@esbuild/win32-arm64: '-'
  esbuild>@esbuild/win32-ia32: '-'
  esbuild>@esbuild/win32-x64: '-'
  esbuild>@esbuild/aix-ppc64: '-'
  esbuild>@esbuild/android-arm: '-'
  esbuild>@esbuild/android-arm64: '-'
  esbuild>@esbuild/android-x64: '-'
  esbuild>@esbuild/openharmony-arm64: '-'
  lightningcss>lightningcss-android-arm64: '-'
  lightningcss>lightningcss-darwin-arm64: '-'
  lightningcss>lightningcss-darwin-x64: '-'
  lightningcss>lightningcss-freebsd-x64: '-'
  lightningcss>lightningcss-linux-arm-gnueabihf: '-'
  lightningcss>lightningcss-linux-arm64-gnu: '-'
  lightningcss>lightningcss-linux-arm64-musl: '-'
  lightningcss>lightningcss-linux-x64-musl: '-'
  lightningcss>lightningcss-win32-arm64-msvc: '-'
  lightningcss>lightningcss-win32-x64-msvc: '-'
  '@tailwindcss/oxide>@tailwindcss/oxide-android-arm64': '-'
  '@tailwindcss/oxide>@tailwindcss/oxide-darwin-arm64': '-'
  '@tailwindcss/oxide>@tailwindcss/oxide-darwin-x64': '-'
  '@tailwindcss/oxide>@tailwindcss/oxide-freebsd-x64': '-'
  '@tailwindcss/oxide>@tailwindcss/oxide-linux-arm-gnueabihf': '-'
  '@tailwindcss/oxide>@tailwindcss/oxide-linux-arm64-gnu': '-'
  '@tailwindcss/oxide>@tailwindcss/oxide-linux-arm64-musl': '-'
  '@tailwindcss/oxide>@tailwindcss/oxide-win32-arm64-msvc': '-'
  '@tailwindcss/oxide>@tailwindcss/oxide-win32-x64-msvc': '-'
  '@tailwindcss/oxide>@tailwindcss/oxide-linux-x64-musl': '-'
  rollup>@rollup/rollup-android-arm-eabi: '-'
  rollup>@rollup/rollup-android-arm64: '-'
  rollup>@rollup/rollup-darwin-arm64: '-'
  rollup>@rollup/rollup-darwin-x64: '-'
  rollup>@rollup/rollup-freebsd-arm64: '-'
  rollup>@rollup/rollup-freebsd-x64: '-'
  rollup>@rollup/rollup-linux-arm-gnueabihf: '-'
  rollup>@rollup/rollup-linux-arm-musleabihf: '-'
  rollup>@rollup/rollup-linux-arm64-gnu: '-'
  rollup>@rollup/rollup-linux-arm64-musl: '-'
  rollup>@rollup/rollup-linux-loong64-gnu: '-'
  rollup>@rollup/rollup-linux-loong64-musl: '-'
  rollup>@rollup/rollup-linux-ppc64-gnu: '-'
  rollup>@rollup/rollup-linux-ppc64-musl: '-'
  rollup>@rollup/rollup-linux-riscv64-gnu: '-'
  rollup>@rollup/rollup-linux-riscv64-musl: '-'
  rollup>@rollup/rollup-linux-s390x-gnu: '-'
  rollup>@rollup/rollup-linux-x64-musl: '-'
  rollup>@rollup/rollup-openbsd-x64: '-'
  rollup>@rollup/rollup-openharmony-arm64: '-'
  rollup>@rollup/rollup-win32-arm64-msvc: '-'
  rollup>@rollup/rollup-win32-ia32-msvc: '-'
  rollup>@rollup/rollup-win32-x64-gnu: '-'
  rollup>@rollup/rollup-win32-x64-msvc: '-'
  '@expo/ngrok-bin>@expo/ngrok-bin-darwin-arm64': '-'
  '@expo/ngrok-bin>@expo/ngrok-bin-darwin-x64': '-'
  '@expo/ngrok-bin>@expo/ngrok-bin-freebsd-ia32': '-'
  '@expo/ngrok-bin>@expo/ngrok-bin-freebsd-x64': '-'
  '@expo/ngrok-bin>@expo/ngrok-bin-linux-arm64': '-'
  '@expo/ngrok-bin>@expo/ngrok-bin-linux-arm': '-'
  '@expo/ngrok-bin>@expo/ngrok-bin-linux-ia32': '-'
  '@expo/ngrok-bin>@expo/ngrok-bin-sunos-x64': '-'
  '@expo/ngrok-bin>@expo/ngrok-bin-win32-ia32': '-'
  '@expo/ngrok-bin>@expo/ngrok-bin-win32-x64': '-'
  '@esbuild-kit/esm-loader': npm:tsx@^4.21.0
  esbuild: 0.27.3

importers:

  .:
    dependencies:
      lucide-react:
        specifier: ^0.400.0
        version: 0.400.0(react@19.1.0)
      next:
        specifier: ^14.0.0
        version: 14.2.35(react-dom@19.1.0(react@19.1.0))(react@19.1.0)
      react:
        specifier: ^19.1.0
        version: 19.1.0
      react-dom:
        specifier: ^19.1.0
        version: 19.1.0(react@19.1.0)
    devDependencies:
      '@types/node':
        specifier: ^22.0.0
        version: 22.19.18
      '@types/react':
        specifier: ^19.2.0
        version: 19.2.14
      '@types/react-dom':
        specifier: ^19.2.0
        version: 19.2.3(@types/react@19.2.14)
      autoprefixer:
        specifier: ^10.5.0
        version: 10.5.0(postcss@8.5.14)
      postcss:
        specifier: ^8.4.40
        version: 8.5.14
      tailwindcss:
        specifier: ^4.1.14
        version: 4.2.4
      typescript:
        specifier: ^5.8.3
        version: 5.9.3

packages:

  '@next/env@14.2.35':
    resolution: {integrity: sha512-DuhvCtj4t9Gwrx80dmz2F4t/zKQ4ktN8WrMwOuVzkJfBilwAwGr6v16M5eI8yCuZ63H9TTuEU09Iu2HqkzFPVQ==}

  '@next/swc-darwin-arm64@14.2.33':
    resolution: {integrity: sha512-HqYnb6pxlsshoSTubdXKu15g3iivcbsMXg4bYpjL2iS/V6aQot+iyF4BUc2qA/J/n55YtvE4PHMKWBKGCF/+wA==}
    engines: {node: '>= 10'}
    cpu: [arm64]
    os: [darwin]

  '@next/swc-darwin-x64@14.2.33':
    resolution: {integrity: sha512-8HGBeAE5rX3jzKvF593XTTFg3gxeU4f+UWnswa6JPhzaR6+zblO5+fjltJWIZc4aUalqTclvN2QtTC37LxvZAA==}
    engines: {node: '>= 10'}
    cpu: [x64]
    os: [darwin]

  '@next/swc-linux-arm64-gnu@14.2.33':
    resolution: {integrity: sha512-JXMBka6lNNmqbkvcTtaX8Gu5by9547bukHQvPoLe9VRBx1gHwzf5tdt4AaezW85HAB3pikcvyqBToRTDA4DeLw==}
    engines: {node: '>= 10'}
    cpu: [arm64]
    os: [linux]
    libc: [glibc]

  '@next/swc-linux-arm64-musl@14.2.33':
    resolution: {integrity: sha512-Bm+QulsAItD/x6Ih8wGIMfRJy4G73tu1HJsrccPW6AfqdZd0Sfm5Imhgkgq2+kly065rYMnCOxTBvmvFY1BKfg==}
    engines: {node: '>= 10'}
    cpu: [arm64]
    os: [linux]
    libc: [musl]

  '@next/swc-linux-x64-gnu@14.2.33':
    resolution: {integrity: sha512-FnFn+ZBgsVMbGDsTqo8zsnRzydvsGV8vfiWwUo1LD8FTmPTdV+otGSWKc4LJec0oSexFnCYVO4hX8P8qQKaSlg==}
    engines: {node: '>= 10'}
    cpu: [x64]
    os: [linux]
    libc: [glibc]

  '@next/swc-linux-x64-musl@14.2.33':
    resolution: {integrity: sha512-345tsIWMzoXaQndUTDv1qypDRiebFxGYx9pYkhwY4hBRaOLt8UGfiWKr9FSSHs25dFIf8ZqIFaPdy5MljdoawA==}
    engines: {node: '>= 10'}
    cpu: [x64]
    os: [linux]
    libc: [musl]

  '@next/swc-win32-arm64-msvc@14.2.33':
    resolution: {integrity: sha512-nscpt0G6UCTkrT2ppnJnFsYbPDQwmum4GNXYTeoTIdsmMydSKFz9Iny2jpaRupTb+Wl298+Rh82WKzt9LCcqSQ==}
    engines: {node: '>= 10'}
    cpu: [arm64]
    os: [win32]

  '@next/swc-win32-ia32-msvc@14.2.33':
    resolution: {integrity: sha512-pc9LpGNKhJ0dXQhZ5QMmYxtARwwmWLpeocFmVG5Z0DzWq5Uf0izcI8tLc+qOpqxO1PWqZ5A7J1blrUIKrIFc7Q==}
    engines: {node: '>= 10'}
    cpu: [ia32]
    os: [win32]

  '@next/swc-win32-x64-msvc@14.2.33':
    resolution: {integrity: sha512-nOjfZMy8B94MdisuzZo9/57xuFVLHJaDj5e/xrduJp9CV2/HrfxTRH2fbyLe+K9QT41WBLUd4iXX3R7jBp0EUg==}
    engines: {node: '>= 10'}
    cpu: [x64]
    os: [win32]

  '@swc/counter@0.1.3':
    resolution: {integrity: sha512-e2BR4lsJkkRlKZ/qCHPw9ZaSxc0MVUd7gtbtaB7aMvHeJVYe8sOB8DBZkP2DtISHGSku9sCK6T6cnY0CtXrOCQ==}

  '@swc/helpers@0.5.5':
    resolution: {integrity: sha512-KGYxvIOXcceOAbEk4bi/dVLEK9z8sZ0uBB3Il5b1rhfClSpcX0yfRO0KmTkqR2cnQDymwLB+25ZyMzICg/cm/A==}

  '@types/node@22.19.18':
    resolution: {integrity: sha512-9v00a+dn2yWVsYDEunWC4g/TcRKVq3r8N5FuZp7u0SGrPvdN9c2yXI9bBuf5Fl0hNCb+QTIePTn5pJs2pwBOQQ==}

  '@types/react-dom@19.2.3':
    resolution: {integrity: sha512-jp2L/eY6fn+KgVVQAOqYItbF0VY/YApe5Mz2F0aykSO8gx31bYCZyvSeYxCHKvzHG5eZjc+zyaS5BrBWya2+kQ==}
    peerDependencies:
      '@types/react': ^19.2.0

  '@types/react@19.2.14':
    resolution: {integrity: sha512-ilcTH/UniCkMdtexkoCN0bI7pMcJDvmQFPvuPvmEaYA/NSfFTAgdUSLAoVjaRJm7+6PvcM+q1zYOwS4wTYMF9w==}

  autoprefixer@10.5.0:
    resolution: {integrity: sha512-FMhOoZV4+qR6aTUALKX2rEqGG+oyATvwBt9IIzVR5rMa2HRWPkxf+P+PAJLD1I/H5/II+HuZcBJYEFBpq39ong==}
    engines: {node: ^10 || ^12 || >=14}
    hasBin: true
    peerDependencies:
      postcss: ^8.1.0

  baseline-browser-mapping@2.10.28:
    resolution: {integrity: sha512-Ic44hnOtFIgravCunj1ifSoQPSUrkNiJuH9Mf6jr2jjoA74icqV8wU0KuadXeOR8zuIJMOoTv0GuQjZ9ZYNMeA==}
    engines: {node: '>=6.0.0'}
    hasBin: true

  browserslist@4.28.2:
    resolution: {integrity: sha512-48xSriZYYg+8qXna9kwqjIVzuQxi+KYWp2+5nCYnYKPTr0LvD89Jqk2Or5ogxz0NUMfIjhh2lIUX/LyX9B4oIg==}
    engines: {node: ^6 || ^7 || ^8 || ^9 || ^10 || ^11 || ^12 || >=13.7}
    hasBin: true

  busboy@1.6.0:
    resolution: {integrity: sha512-8SFQbg/0hQ9xy3UNTB0YEnsNBbWfhf7RtnzpL7TkBiTBRfrQ9Fxcnz7VJsleJpyp6rVLvXiuORqjlHi5q+PYuA==}
    engines: {node: '>=10.16.0'}

  caniuse-lite@1.0.30001792:
    resolution: {integrity: sha512-hVLMUZFgR4JJ6ACt1uEESvQN1/dBVqPAKY0hgrV70eN3391K6juAfTjKZLKvOMsx8PxA7gsY1/tLMMTcfFLLpw==}

  client-only@0.0.1:
    resolution: {integrity: sha512-IV3Ou0jSMzZrd3pZ48nLkT9DA7Ag1pnPzaiQhpW7c3RbcqqzvzzVu+L8gfqMp/8IM2MQtSiqaCxrrcfu8I8rMA==}

  csstype@3.2.3:
    resolution: {integrity: sha512-z1HGKcYy2xA8AGQfwrn0PAy+PB7X/GSj3UVJW9qKyn43xWa+gl5nXmU4qqLMRzWVLFC8KusUX8T/0kCiOYpAIQ==}

  electron-to-chromium@1.5.353:
    resolution: {integrity: sha512-kOrWphBi8TOZyiJZqsgqIle0lw+tzmnQK83pV9dZUd01Nm2POECSyFQMAuarzZdYqQW7FH9RaYOuaRo3h+bQ3w==}

  escalade@3.2.0:
    resolution: {integrity: sha512-WUj2qlxaQtO4g6Pq5c29GTcWGDyd8itL8zTlipgECz3JesAiiOKotd8JU6otB3PACgG6xkJUyVhboMS+bje/jA==}
    engines: {node: '>=6'}

  fraction.js@5.3.4:
    resolution: {integrity: sha512-1X1NTtiJphryn/uLQz3whtY6jK3fTqoE3ohKs0tT+Ujr1W59oopxmoEh7Lu5p6vBaPbgoM0bzveAW4Qi5RyWDQ==}

  graceful-fs@4.2.11:
    resolution: {integrity: sha512-RbJ5/jmFcNNCcDV5o9eTnBLJ/HszWV0P73bc+Ff4nS/rJj+YaS6IGyiOL0VoBYX+l1Wrl3k63h/KrH+nhJ0XvQ==}

  lucide-react@0.400.0:
    resolution: {integrity: sha512-rpp7pFHh3Xd93KHixNgB0SqThMHpYNzsGUu69UaQbSZ75Q/J3m5t6EhKyMT3m4w2WOxmJ2mY0tD3vebnXqQryQ==}
    peerDependencies:
      react: ^16.5.1 || ^17.0.0 || ^18.0.0 || ^19.0.0

  nanoid@3.3.12:
    resolution: {integrity: sha512-ZB9RH/39qpq5Vu6Y+NmUaFhQR6pp+M2Xt76XBnEwDaGcVAqhlvxrl3B2bKS5D3NH3QR76v3aSrKaF/Kiy7lEtQ==}
    engines: {node: ^10 || ^12 || ^13.7 || ^14 || >=15.0.1}
    hasBin: true

  next@14.2.35:
    resolution: {integrity: sha512-KhYd2Hjt/O1/1aZVX3dCwGXM1QmOV4eNM2UTacK5gipDdPN/oHHK/4oVGy7X8GMfPMsUTUEmGlsy0EY1YGAkig==}
    engines: {node: '>=18.17.0'}
    hasBin: true
    peerDependencies:
      '@opentelemetry/api': ^1.1.0
      '@playwright/test': ^1.41.2
      react: ^18.2.0
      react-dom: ^18.2.0
      sass: ^1.3.0
    peerDependenciesMeta:
      '@opentelemetry/api':
        optional: true
      '@playwright/test':
        optional: true
      sass:
        optional: true

  node-releases@2.0.38:
    resolution: {integrity: sha512-3qT/88Y3FbH/Kx4szpQQ4HzUbVrHPKTLVpVocKiLfoYvw9XSGOX2FmD2d6DrXbVYyAQTF2HeF6My8jmzx7/CRw==}

  picocolors@1.1.1:
    resolution: {integrity: sha512-xceH2snhtb5M9liqDsmEw56le376mTZkEX/jEb/RxNFyegNul7eNslCXP9FDj/Lcu0X8KEyMceP2ntpaHrDEVA==}

  postcss-value-parser@4.2.0:
    resolution: {integrity: sha512-1NNCs6uurfkVbeXG4S8JFT9t19m45ICnif8zWLd5oPSZ50QnwMfK+H3jv408d4jw/7Bttv5axS5IiHoLaVNHeQ==}

  postcss@8.4.31:
    resolution: {integrity: sha512-PS08Iboia9mts/2ygV3eLpY5ghnUcfLV/EXTOW1E2qYxJKGGBUtNjN76FYHnMs36RmARn41bC0AZmn+rR0OVpQ==}
    engines: {node: ^10 || ^12 || >=14}

  postcss@8.5.14:
    resolution: {integrity: sha512-SoSL4+OSEtR99LHFZQiJLkT59C5B1amGO1NzTwj7TT1qCUgUO6hxOvzkOYxD+vMrXBM3XJIKzokoERdqQq/Zmg==}
    engines: {node: ^10 || ^12 || >=14}

  react-dom@19.1.0:
    resolution: {integrity: sha512-Xs1hdnE+DyKgeHJeJznQmYMIBG3TKIHJJT95Q58nHLSrElKlGQqDTR2HQ9fx5CN/Gk6Vh/kupBTDLU11/nDk/g==}
    peerDependencies:
      react: ^19.1.0

  react@19.1.0:
    resolution: {integrity: sha512-FS+XFBNvn3GTAWq26joslQgWNoFu08F4kl0J4CgdNKADkdSGXQyTCnKteIAJy96Br6YbpEU1LSzV5dYtjMkMDg==}
    engines: {node: '>=0.10.0'}

  scheduler@0.26.0:
    resolution: {integrity: sha512-NlHwttCI/l5gCPR3D1nNXtWABUmBwvZpEQiD4IXSbIDq8BzLIK/7Ir5gTFSGZDUu37K5cMNp0hFtzO38sC7gWA==}

  source-map-js@1.2.1:
    resolution: {integrity: sha512-UXWMKhLOwVKb728IUtQPXxfYU+usdybtUrK/8uGE8CQMvrhOpwvzDBwj0QhSL7MQc7vIsISBG8VQ8+IDQxpfQA==}
    engines: {node: '>=0.10.0'}

  streamsearch@1.1.0:
    resolution: {integrity: sha512-Mcc5wHehp9aXz1ax6bZUyY5afg9u2rv5cqQI3mRrYkGC8rW2hM02jWuwjtL++LS5qinSyhj2QfLyNsuc+VsExg==}
    engines: {node: '>=10.0.0'}

  styled-jsx@5.1.1:
    resolution: {integrity: sha512-pW7uC1l4mBZ8ugbiZrcIsiIvVx1UmTfw7UkC3Um2tmfUq9Bhk8IiyEIPl6F8agHgjzku6j0xQEZbfA5uSgSaCw==}
    engines: {node: '>= 12.0.0'}
    peerDependencies:
      '@babel/core': '*'
      babel-plugin-macros: '*'
      react: '>= 16.8.0 || 17.x.x || ^18.0.0-0'
    peerDependenciesMeta:
      '@babel/core':
        optional: true
      babel-plugin-macros:
        optional: true

  tailwindcss@4.2.4:
    resolution: {integrity: sha512-HhKppgO81FQof5m6TEnuBWCZGgfRAWbaeOaGT00KOy/Pf/j6oUihdvBpA7ltCeAvZpFhW3j0PTclkxsd4IXYDA==}

  tslib@2.8.1:
    resolution: {integrity: sha512-oJFu94HQb+KVduSUQL7wnpmqnfmLsOA/nAh6b6EH0wCEoK0/mPeXU6c3wKDV83MkOuHPRHtSXKKU99IBazS/2w==}

  typescript@5.9.3:
    resolution: {integrity: sha512-jl1vZzPDinLr9eUt3J/t7V6FgNEw9QjvBPdysz9KfQDD41fQrC2Y4vKQdiaUpFT4bXlb1RHhLpp8wtm6M5TgSw==}
    engines: {node: '>=14.17'}
    hasBin: true

  undici-types@6.21.0:
    resolution: {integrity: sha512-iwDZqg0QAGrg9Rav5H4n0M64c3mkR59cJ6wQp+7C4nI0gsmExaedaYLNO44eT4AtBBwjbTiGPMlt2Md0T9H9JQ==}

  update-browserslist-db@1.2.3:
    resolution: {integrity: sha512-Js0m9cx+qOgDxo0eMiFGEueWztz+d4+M3rGlmKPT+T4IS/jP4ylw3Nwpu6cpTTP8R1MAC1kF4VbdLt3ARf209w==}
    hasBin: true
    peerDependencies:
      browserslist: '>= 4.21.0'

snapshots:

  '@next/env@14.2.35': {}

  '@next/swc-darwin-arm64@14.2.33':
    optional: true

  '@next/swc-darwin-x64@14.2.33':
    optional: true

  '@next/swc-linux-arm64-gnu@14.2.33':
    optional: true

  '@next/swc-linux-arm64-musl@14.2.33':
    optional: true

  '@next/swc-linux-x64-gnu@14.2.33':
    optional: true

  '@next/swc-linux-x64-musl@14.2.33':
    optional: true

  '@next/swc-win32-arm64-msvc@14.2.33':
    optional: true

  '@next/swc-win32-ia32-msvc@14.2.33':
    optional: true

  '@next/swc-win32-x64-msvc@14.2.33':
    optional: true

  '@swc/counter@0.1.3': {}

  '@swc/helpers@0.5.5':
    dependencies:
      '@swc/counter': 0.1.3
      tslib: 2.8.1

  '@types/node@22.19.18':
    dependencies:
      undici-types: 6.21.0

  '@types/react-dom@19.2.3(@types/react@19.2.14)':
    dependencies:
      '@types/react': 19.2.14

  '@types/react@19.2.14':
    dependencies:
      csstype: 3.2.3

  autoprefixer@10.5.0(postcss@8.5.14):
    dependencies:
      browserslist: 4.28.2
      caniuse-lite: 1.0.30001792
      fraction.js: 5.3.4
      picocolors: 1.1.1
      postcss: 8.5.14
      postcss-value-parser: 4.2.0

  baseline-browser-mapping@2.10.28: {}

  browserslist@4.28.2:
    dependencies:
      baseline-browser-mapping: 2.10.28
      caniuse-lite: 1.0.30001792
      electron-to-chromium: 1.5.353
      node-releases: 2.0.38
      update-browserslist-db: 1.2.3(browserslist@4.28.2)

  busboy@1.6.0:
    dependencies:
      streamsearch: 1.1.0

  caniuse-lite@1.0.30001792: {}

  client-only@0.0.1: {}

  csstype@3.2.3: {}

  electron-to-chromium@1.5.353: {}

  escalade@3.2.0: {}

  fraction.js@5.3.4: {}

  graceful-fs@4.2.11: {}

  lucide-react@0.400.0(react@19.1.0):
    dependencies:
      react: 19.1.0

  nanoid@3.3.12: {}

  next@14.2.35(react-dom@19.1.0(react@19.1.0))(react@19.1.0):
    dependencies:
      '@next/env': 14.2.35
      '@swc/helpers': 0.5.5
      busboy: 1.6.0
      caniuse-lite: 1.0.30001792
      graceful-fs: 4.2.11
      postcss: 8.4.31
      react: 19.1.0
      react-dom: 19.1.0(react@19.1.0)
      styled-jsx: 5.1.1(react@19.1.0)
    optionalDependencies:
      '@next/swc-darwin-arm64': 14.2.33
      '@next/swc-darwin-x64': 14.2.33
      '@next/swc-linux-arm64-gnu': 14.2.33
      '@next/swc-linux-arm64-musl': 14.2.33
      '@next/swc-linux-x64-gnu': 14.2.33
      '@next/swc-linux-x64-musl': 14.2.33
      '@next/swc-win32-arm64-msvc': 14.2.33
      '@next/swc-win32-ia32-msvc': 14.2.33
      '@next/swc-win32-x64-msvc': 14.2.33
    transitivePeerDependencies:
      - '@babel/core'
      - babel-plugin-macros

  node-releases@2.0.38: {}

  picocolors@1.1.1: {}

  postcss-value-parser@4.2.0: {}

  postcss@8.4.31:
    dependencies:
      nanoid: 3.3.12
      picocolors: 1.1.1
      source-map-js: 1.2.1

  postcss@8.5.14:
    dependencies:
      nanoid: 3.3.12
      picocolors: 1.1.1
      source-map-js: 1.2.1

  react-dom@19.1.0(react@19.1.0):
    dependencies:
      react: 19.1.0
      scheduler: 0.26.0

  react@19.1.0: {}

  scheduler@0.26.0: {}

  source-map-js@1.2.1: {}

  streamsearch@1.1.0: {}

  styled-jsx@5.1.1(react@19.1.0):
    dependencies:
      client-only: 0.0.1
      react: 19.1.0

  tailwindcss@4.2.4: {}

  tslib@2.8.1: {}

  typescript@5.9.3: {}

  undici-types@6.21.0: {}

  update-browserslist-db@1.2.3(browserslist@4.28.2):
    dependencies:
      browserslist: 4.28.2
      escalade: 3.2.0
      picocolors: 1.1.1
